
Microsoft Visual Studio Solution File, Format Version 12.00
# Visual Studio Version 17
VisualStudioVersion = 17.8.34205.153
MinimumVisualStudioVersion = 10.0.40219.1
Project("{8BC9CEB8-8B4A-11D0-8D11-00A0C91BC942}") = "kaoshi2", "kaoshi2\kaoshi2.vcxproj", "{8BD10515-6D20-4C74-A53A-3E4D9A819569}"
EndProject
Global
	GlobalSection(SolutionConfigurationPlatforms) = preSolution
		Debug|x64 = Debug|x64
		Debug|x86 = Debug|x86
		Release|x64 = Release|x64
		Release|x86 = Release|x86
	EndGlobalSection
	GlobalSection(ProjectConfigurationPlatforms) = postSolution
		{8BD10515-6D20-4C74-A53A-3E4D9A819569}.Debug|x64.ActiveCfg = Debug|x64
		{8BD10515-6D20-4C74-A53A-3E4D9A819569}.Debug|x64.Build.0 = Debug|x64
		{8BD10515-6D20-4C74-A53A-3E4D9A819569}.Debug|x86.ActiveCfg = Debug|Win32
		{8BD10515-6D20-4C74-A53A-3E4D9A819569}.Debug|x86.Build.0 = Debug|Win32
		{8BD10515-6D20-4C74-A53A-3E4D9A819569}.Release|x64.ActiveCfg = Release|x64
		{8BD10515-6D20-4C74-A53A-3E4D9A819569}.Release|x64.Build.0 = Release|x64
		{8BD10515-6D20-4C74-A53A-3E4D9A819569}.Release|x86.ActiveCfg = Release|Win32
		{8BD10515-6D20-4C74-A53A-3E4D9A819569}.Release|x86.Build.0 = Release|Win32
	EndGlobalSection
	GlobalSection(SolutionProperties) = preSolution
		HideSolutionNode = FALSE
	EndGlobalSection
	GlobalSection(ExtensibilityGlobals) = postSolution
		SolutionGuid = {CE78C67F-0247-49C7-9199-8D1087F8C866}
	EndGlobalSection
EndGlobal
