
Microsoft Visual Studio Solution File, Format Version 12.00
# Visual Studio Version 17
VisualStudioVersion = 17.8.34112.27
MinimumVisualStudioVersion = 10.0.40219.1
Project("{8BC9CEB8-8B4A-11D0-8D11-00A0C91BC942}") = "test_10_7", "test_10_7\test_10_7.vcxproj", "{83135D9A-4A75-4251-9712-9FFBC767E1A7}"
EndProject
Global
	GlobalSection(SolutionConfigurationPlatforms) = preSolution
		Debug|x64 = Debug|x64
		Debug|x86 = Debug|x86
		Release|x64 = Release|x64
		Release|x86 = Release|x86
	EndGlobalSection
	GlobalSection(ProjectConfigurationPlatforms) = postSolution
		{83135D9A-4A75-4251-9712-9FFBC767E1A7}.Debug|x64.ActiveCfg = Debug|x64
		{83135D9A-4A75-4251-9712-9FFBC767E1A7}.Debug|x64.Build.0 = Debug|x64
		{83135D9A-4A75-4251-9712-9FFBC767E1A7}.Debug|x86.ActiveCfg = Debug|Win32
		{83135D9A-4A75-4251-9712-9FFBC767E1A7}.Debug|x86.Build.0 = Debug|Win32
		{83135D9A-4A75-4251-9712-9FFBC767E1A7}.Release|x64.ActiveCfg = Release|x64
		{83135D9A-4A75-4251-9712-9FFBC767E1A7}.Release|x64.Build.0 = Release|x64
		{83135D9A-4A75-4251-9712-9FFBC767E1A7}.Release|x86.ActiveCfg = Release|Win32
		{83135D9A-4A75-4251-9712-9FFBC767E1A7}.Release|x86.Build.0 = Release|Win32
	EndGlobalSection
	GlobalSection(SolutionProperties) = preSolution
		HideSolutionNode = FALSE
	EndGlobalSection
	GlobalSection(ExtensibilityGlobals) = postSolution
		SolutionGuid = {2BFAB211-1B1A-47E2-BEE1-1CE161F1073F}
	EndGlobalSection
EndGlobal
